{
  "originHash" : "416d14ef1822dbeaa9f232c360909d7f7322d48e7fa189318a0d3a67179a4dd7",
  "pins" : [
    {
      "identity" : "agorainfra_ios",
      "kind" : "remoteSourceControl",
      "location" : "https://github.com/AgoraIO/AgoraInfra_iOS.git",
      "state" : {
        "revision" : "c2781d81a1ac78b94fefd53171975acb426b6ac5",
        "version" : "1.2.13"
      }
    },
    {
      "identity" : "agorartcengine_ios",
      "kind" : "remoteSourceControl",
      "location" : "https://github.com/AgoraIO/AgoraRtcEngine_iOS.git",
      "state" : {
        "revision" : "26ecb3247b017cd17412b5e0922a049a0ac98815",
        "version" : "4.5.0"
      }
    },
    {
      "identity" : "kingfisher",
      "kind" : "remoteSourceControl",
      "location" : "https://github.com/onevcat/Kingfisher.git",
      "state" : {
        "revision" : "b6256f191b4c1d8d09f4df94bae69e5ac6e42c81",
        "version" : "8.1.1"
      }
    },
    {
      "identity" : "nativeblocks-compiler-ios",
      "kind" : "remoteSourceControl",
      "location" : "https://github.com/nativeblocks/nativeblocks-compiler-ios",
      "state" : {
        "revision" : "ec72766606abbefb2ecb439ffe80ec42b9415b19",
        "version" : "1.1.0"
      }
    },
    {
      "identity" : "nativeblocks-foundation-ios",
      "kind" : "remoteSourceControl",
      "location" : "https://github.com/nativeblocks/nativeblocks-foundation-ios",
      "state" : {
        "revision" : "83907278a6f663a6a977913d6a21488a70cf2d14",
        "version" : "1.0.0"
      }
    },
    {
      "identity" : "nativeblocks-ios-sdk",
      "kind" : "remoteSourceControl",
      "location" : "https://github.com/nativeblocks/nativeblocks-ios-sdk",
      "state" : {
        "revision" : "f4490cc34662e5f9269d4b593c977959ed18e974",
        "version" : "1.2.0"
      }
    },
    {
      "identity" : "nativeblocks-wandkit-ios-sdk",
      "kind" : "remoteSourceControl",
      "location" : "https://github.com/nativeblocks/nativeblocks-wandkit-ios-sdk.git",
      "state" : {
        "revision" : "1b811c167da365ec61897d4ea454afaccf5719b8",
        "version" : "1.0.0"
      }
    },
    {
      "identity" : "swift-syntax",
      "kind" : "remoteSourceControl",
      "location" : "https://github.com/apple/swift-syntax.git",
      "state" : {
        "revision" : "64889f0c732f210a935a0ad7cda38f77f876262d",
        "version" : "509.1.1"
      }
    }
  ],
  "version" : 3
}
